# THIS IS AN AUTOGENERATED FILE. DO NOT EDIT THIS FILE DIRECTLY.
# yarn lockfile v1


"@lit/reactive-element@^1.3.0", "@lit/reactive-element@^1.5.0":
  version "1.5.0"
  resolved "https://registry.yarnpkg.com/@lit/reactive-element/-/reactive-element-1.5.0.tgz#344cc33f2d1491d094b8ef824a9fe31d150d2375"
  integrity sha512-fQh9FDK0LPTwDk+0HhSZEtb8K0LTN1wXerwpGrWA+a8tWulYRDLI4vQDWp4GOIsewn0572KYV/oZ3+492D7osA==

"@lottiefiles/lottie-player@^1.6.2":
  version "1.6.2"
  resolved "https://registry.yarnpkg.com/@lottiefiles/lottie-player/-/lottie-player-1.6.2.tgz#a6da2972439199c6cf3b755e5592e1cef090f87d"
  integrity sha512-MKsiTBE86ut0SgKCZDCr6bnxeSUz6rtwO28qu14Vfsp3pOjmFXh3yGdxZjrIE1pV067D6SjaB6JlIwIwWqgYSw==
  dependencies:
    "@types/pako" "^1.0.1"
    lit "^2.1.2"
    lottie-web "^5.10.0"
    pako "^2.0.4"
    resize-observer-polyfill "^1.5.1"

"@types/pako@^1.0.1":
  version "1.0.4"
  resolved "https://registry.yarnpkg.com/@types/pako/-/pako-1.0.4.tgz#b4262aef92680a9331fcdb8420c69cf3dd98d3f3"
  integrity sha512-Z+5bJSm28EXBSUJEgx29ioWeEEHUh6TiMkZHDhLwjc9wVFH+ressbkmX6waUZc5R3Gobn4Qu5llGxaoflZ+yhA==

"@types/trusted-types@^2.0.2":
  version "2.0.2"
  resolved "https://registry.yarnpkg.com/@types/trusted-types/-/trusted-types-2.0.2.tgz#fc25ad9943bcac11cceb8168db4f275e0e72e756"
  integrity sha512-F5DIZ36YVLE+PN+Zwws4kJogq47hNgX3Nx6WyDJ3kcplxyke3XIzB8uK5n/Lpm1HBsbGzd6nmGehL8cPekP+Tg==

aos@^2.3.4:
  version "2.3.4"
  resolved "https://registry.yarnpkg.com/aos/-/aos-2.3.4.tgz#eb1c29f5c1806a197cf6323080747547edd3db8e"
  integrity sha512-zh/ahtR2yME4I51z8IttIt4lC1Nw0ktsFtmeDzID1m9naJnWXhCoARaCgNOGXb5CLy3zm+wqmRAEgMYB5E2HUw==
  dependencies:
    classlist-polyfill "^1.0.3"
    lodash.debounce "^4.0.6"
    lodash.throttle "^4.0.1"

bodymovin@^4.13.0:
  version "4.13.0"
  resolved "https://registry.yarnpkg.com/bodymovin/-/bodymovin-4.13.0.tgz#06d97c0130e2334dccb33bea638136f88a74540b"
  integrity sha512-SdBh+kue99zDxUGe0tpX7HJ8LMpRac46jcHcWAdHJDW9Aa5Dhcc62uGn03XQS8soF5/NWx7KBzPadgm+FbtDGA==

classlist-polyfill@^1.0.3:
  version "1.2.0"
  resolved "https://registry.yarnpkg.com/classlist-polyfill/-/classlist-polyfill-1.2.0.tgz#935bc2dfd9458a876b279617514638bcaa964a2e"
  integrity sha512-GzIjNdcEtH4ieA2S8NmrSxv7DfEV5fmixQeyTmqmRmRJPGpRBaSnA2a0VrCjyT8iW8JjEdMbKzDotAJf+ajgaQ==

lit-element@^3.2.0:
  version "3.2.2"
  resolved "https://registry.yarnpkg.com/lit-element/-/lit-element-3.2.2.tgz#d148ab6bf4c53a33f707a5168e087725499e5f2b"
  integrity sha512-6ZgxBR9KNroqKb6+htkyBwD90XGRiqKDHVrW/Eh0EZ+l+iC+u+v+w3/BA5NGi4nizAVHGYvQBHUDuSmLjPp7NQ==
  dependencies:
    "@lit/reactive-element" "^1.3.0"
    lit-html "^2.2.0"

lit-html@^2.2.0, lit-html@^2.5.0:
  version "2.5.0"
  resolved "https://registry.yarnpkg.com/lit-html/-/lit-html-2.5.0.tgz#9d4c0bb3652a6b10bc4ccdb627dfa9eff1215474"
  integrity sha512-bLHosg1XL3JRUcKdSVI0sLCs0y1wWrj2sqqAN3cZ7bDDPNgmDHH29RV48x6Wz3ZmkxIupaE+z7uXSZ/pXWAO1g==
  dependencies:
    "@types/trusted-types" "^2.0.2"

lit@^2.1.2:
  version "2.5.0"
  resolved "https://registry.yarnpkg.com/lit/-/lit-2.5.0.tgz#3a425d69ff8483effb2026957b86ae45de0bc51a"
  integrity sha512-DtnUP6vR3l4Q8nRPPNBD+UxbAhwJPeky+OVbi3pdgMqm0g57xFSl1Sj64D1rIB+nVNdiVVg8YxB0hqKjvdadZA==
  dependencies:
    "@lit/reactive-element" "^1.5.0"
    lit-element "^3.2.0"
    lit-html "^2.5.0"

lodash.debounce@^4.0.6:
  version "4.0.8"
  resolved "https://registry.yarnpkg.com/lodash.debounce/-/lodash.debounce-4.0.8.tgz#82d79bff30a67c4005ffd5e2515300ad9ca4d7af"
  integrity sha512-FT1yDzDYEoYWhnSGnpE/4Kj1fLZkDFyqRb7fNt6FdYOSxlUWAtp42Eh6Wb0rGIv/m9Bgo7x4GhQbm5Ys4SG5ow==

lodash.throttle@^4.0.1:
  version "4.1.1"
  resolved "https://registry.yarnpkg.com/lodash.throttle/-/lodash.throttle-4.1.1.tgz#c23e91b710242ac70c37f1e1cda9274cc39bf2f4"
  integrity sha512-wIkUCfVKpVsWo3JSZlc+8MB5it+2AN5W8J7YVMST30UrvcQNZ1Okbj+rbVniijTWE6FGYy4XJq/rHkas8qJMLQ==

lottie-web@^5.10.0:
  version "5.10.1"
  resolved "https://registry.yarnpkg.com/lottie-web/-/lottie-web-5.10.1.tgz#fde8e6be374afc3906f78b4152ada9be44ce3ccf"
  integrity sha512-u17bVNf/vA3oK9Wkyb1Vpo83WUIEQwaT0GeEN0qcvaExizyJ/RjmcbjSDj0CnwQCtpGqTgYhqprCC7cTWuXMNw==

pako@^2.0.4:
  version "2.1.0"
  resolved "https://registry.yarnpkg.com/pako/-/pako-2.1.0.tgz#266cc37f98c7d883545d11335c00fbd4062c9a86"
  integrity sha512-w+eufiZ1WuJYgPXbV/PO3NCMEc3xqylkKHzp8bxp1uW4qaSNQUkwmLLEc3kKsfz8lpV1F8Ht3U1Cm+9Srog2ug==

resize-observer-polyfill@^1.5.1:
  version "1.5.1"
  resolved "https://registry.yarnpkg.com/resize-observer-polyfill/-/resize-observer-polyfill-1.5.1.tgz#0e9020dd3d21024458d4ebd27e23e40269810464"
  integrity sha512-LwZrotdHOo12nQuZlHEmtuXdqGoOD0OhaxopaNFxWzInpEgaLWoVuAMbTzixuosCx2nEG58ngzW3vxdWoxIgdg==
